<Solution>
  <Folder Name="/samples/">
    <Project Path="samples/Tk.Hlsl.Example/Tk.Hlsl.Example.csproj" />
  </Folder>
  <Folder Name="/src/">
    <Project Path="src/Tk.Hlsl.SourceGeneration/Tk.Hlsl.SourceGeneration.csproj" />
    <Project Path="src/Tk.Hlsl.Unity/Tk.Hlsl.Unity.csproj" />
    <Project Path="src/Tk.Hlsl/Tk.Hlsl.csproj" />
  </Folder>
  <Folder Name="/tests/">
    <Project Path="tests/Tk.Hlsl.SourceGeneration.Tests/Tk.Hlsl.SourceGeneration.Tests.csproj" />
    <Project Path="tests/Tk.Hlsl.Tests/Tk.Hlsl.Tests.csproj" />
  </Folder>
</Solution>
