
Microsoft Visual Studio Solution File, Format Version 12.00
Project("{FAE04EC0-301F-11D3-BF4B-00C04F79EFBC}") = "TkHLSL", "TkHLSL\TkHLSL.csproj", "{228AC3DB-6908-4087-917B-DD43B3EB72DA}"
EndProject
Project("{2150E333-8FDC-42A3-9474-1A3956D46DE8}") = "tests", "tests", "{0AB3BF05-4346-4AA6-1389-037BE0695223}"
EndProject
Project("{FAE04EC0-301F-11D3-BF4B-00C04F79EFBC}") = "TkHLSL.Tests", "tests\TkHLSL.Tests\TkHLSL.Tests.csproj", "{977B2EA1-472A-4531-A84A-52B9366212C9}"
EndProject
Global
	GlobalSection(SolutionConfigurationPlatforms) = preSolution
		Debug|Any CPU = Debug|Any CPU
		Debug|x64 = Debug|x64
		Debug|x86 = Debug|x86
		Release|Any CPU = Release|Any CPU
		Release|x64 = Release|x64
		Release|x86 = Release|x86
	EndGlobalSection
	GlobalSection(ProjectConfigurationPlatforms) = postSolution
		{228AC3DB-6908-4087-917B-DD43B3EB72DA}.Debug|Any CPU.ActiveCfg = Debug|Any CPU
		{228AC3DB-6908-4087-917B-DD43B3EB72DA}.Debug|Any CPU.Build.0 = Debug|Any CPU
		{228AC3DB-6908-4087-917B-DD43B3EB72DA}.Debug|x64.ActiveCfg = Debug|Any CPU
		{228AC3DB-6908-4087-917B-DD43B3EB72DA}.Debug|x64.Build.0 = Debug|Any CPU
		{228AC3DB-6908-4087-917B-DD43B3EB72DA}.Debug|x86.ActiveCfg = Debug|Any CPU
		{228AC3DB-6908-4087-917B-DD43B3EB72DA}.Debug|x86.Build.0 = Debug|Any CPU
		{228AC3DB-6908-4087-917B-DD43B3EB72DA}.Release|Any CPU.ActiveCfg = Release|Any CPU
		{228AC3DB-6908-4087-917B-DD43B3EB72DA}.Release|Any CPU.Build.0 = Release|Any CPU
		{228AC3DB-6908-4087-917B-DD43B3EB72DA}.Release|x64.ActiveCfg = Release|Any CPU
		{228AC3DB-6908-4087-917B-DD43B3EB72DA}.Release|x64.Build.0 = Release|Any CPU
		{228AC3DB-6908-4087-917B-DD43B3EB72DA}.Release|x86.ActiveCfg = Release|Any CPU
		{228AC3DB-6908-4087-917B-DD43B3EB72DA}.Release|x86.Build.0 = Release|Any CPU
		{977B2EA1-472A-4531-A84A-52B9366212C9}.Debug|Any CPU.ActiveCfg = Debug|Any CPU
		{977B2EA1-472A-4531-A84A-52B9366212C9}.Debug|Any CPU.Build.0 = Debug|Any CPU
		{977B2EA1-472A-4531-A84A-52B9366212C9}.Debug|x64.ActiveCfg = Debug|Any CPU
		{977B2EA1-472A-4531-A84A-52B9366212C9}.Debug|x64.Build.0 = Debug|Any CPU
		{977B2EA1-472A-4531-A84A-52B9366212C9}.Debug|x86.ActiveCfg = Debug|Any CPU
		{977B2EA1-472A-4531-A84A-52B9366212C9}.Debug|x86.Build.0 = Debug|Any CPU
		{977B2EA1-472A-4531-A84A-52B9366212C9}.Release|Any CPU.ActiveCfg = Release|Any CPU
		{977B2EA1-472A-4531-A84A-52B9366212C9}.Release|Any CPU.Build.0 = Release|Any CPU
		{977B2EA1-472A-4531-A84A-52B9366212C9}.Release|x64.ActiveCfg = Release|Any CPU
		{977B2EA1-472A-4531-A84A-52B9366212C9}.Release|x64.Build.0 = Release|Any CPU
		{977B2EA1-472A-4531-A84A-52B9366212C9}.Release|x86.ActiveCfg = Release|Any CPU
		{977B2EA1-472A-4531-A84A-52B9366212C9}.Release|x86.Build.0 = Release|Any CPU
	EndGlobalSection
	GlobalSection(SolutionProperties) = preSolution
		HideSolutionNode = FALSE
	EndGlobalSection
	GlobalSection(NestedProjects) = preSolution
		{977B2EA1-472A-4531-A84A-52B9366212C9} = {0AB3BF05-4346-4AA6-1389-037BE0695223}
	EndGlobalSection
EndGlobal
