<Solution>
  <Folder Name="/samples/">
    <Project Path="samples/TkHLSL.Example/TkHLSL.Example.csproj" />
  </Folder>
  <Folder Name="/src/">
    <Project Path="src/TkHLSL.SourceGeneration/TkHLSL.SourceGeneration.csproj" />
    <Project Path="src/TkHLSL.Unity/TkHLSL.Unity.csproj" />
    <Project Path="src/TkHLSL/TkHLSL.csproj" />
  </Folder>
  <Folder Name="/tests/">
    <Project Path="tests/TkHLSL.SourceGeneration.Tests/TkHLSL.SourceGeneration.Tests.csproj" />
    <Project Path="tests/TkHLSL.Tests/TkHLSL.Tests.csproj" />
  </Folder>
</Solution>
